// !$*UTF8*$!
{
	archiveVersion = 1;
	classes = {
	};
	objectVersion = 56;
	objects = {

/* Begin PBXBuildFile section */
		52C695442AA91FE300638C13 /* AppDelegate.swift in Sources */ = {isa = PBXBuildFile; fileRef = 52C695432AA91FE300638C13 /* AppDelegate.swift */; };
		52C695462AA91FE300638C13 /* SceneDelegate.swift in Sources */ = {isa = PBXBuildFile; fileRef = 52C695452AA91FE300638C13 /* SceneDelegate.swift */; };
		52C695482AA91FE300638C13 /* ViewController.swift in Sources */ = {isa = PBXBuildFile; fileRef = 52C695472AA91FE300638C13 /* ViewController.swift */; };
		52C6954B2AA91FE300638C13 /* Main.storyboard in Resources */ = {isa = PBXBuildFile; fileRef = 52C695492AA91FE300638C13 /* Main.storyboard */; };
		52C6954D2AA91FE500638C13 /* Assets.xcassets in Resources */ = {isa = PBXBuildFile; fileRef = 52C6954C2AA91FE500638C13 /* Assets.xcassets */; };
		52C695502AA91FE500638C13 /* LaunchScreen.storyboard in Resources */ = {isa = PBXBuildFile; fileRef = 52C6954E2AA91FE500638C13 /* LaunchScreen.storyboard */; };
		52C6955B2AA91FE600638C13 /* QR_ScannerTests.swift in Sources */ = {isa = PBXBuildFile; fileRef = 52C6955A2AA91FE600638C13 /* QR_ScannerTests.swift */; };
		52C695652AA91FE600638C13 /* QR_ScannerUITests.swift in Sources */ = {isa = PBXBuildFile; fileRef = 52C695642AA91FE600638C13 /* QR_ScannerUITests.swift */; };
		52C695672AA91FE600638C13 /* QR_ScannerUITestsLaunchTests.swift in Sources */ = {isa = PBXBuildFile; fileRef = 52C695662AA91FE600638C13 /* QR_ScannerUITestsLaunchTests.swift */; };
/* End PBXBuildFile section */

/* Begin PBXContainerItemProxy section */
		52C695572AA91FE600638C13 /* PBXContainerItemProxy */ = {
			isa = PBXContainerItemProxy;
			containerPortal = 52C695382AA91FE300638C13 /* Project object */;
			proxyType = 1;
			remoteGlobalIDString = 52C6953F2AA91FE300638C13;
			remoteInfo = "QR Scanner";
		};
		52C695612AA91FE600638C13 /* PBXContainerItemProxy */ = {
			isa = PBXContainerItemProxy;
			containerPortal = 52C695382AA91FE300638C13 /* Project object */;
			proxyType = 1;
			remoteGlobalIDString = 52C6953F2AA91FE300638C13;
			remoteInfo = "QR Scanner";
		};
/* End PBXContainerItemProxy section */

/* Begin PBXFileReference section */
		52C695402AA91FE300638C13 /* QR Scanner.app */ = {isa = PBXFileReference; explicitFileType = wrapper.application; includeInIndex = 0; path = "QR Scanner.app"; sourceTree = BUILT_PRODUCTS_DIR; };
		52C695432AA91FE300638C13 /* AppDelegate.swift */ = {isa = PBXFileReference; lastKnownFileType = sourcecode.swift; path = AppDelegate.swift; sourceTree = "<group>"; };
		52C695452AA91FE300638C13 /* SceneDelegate.swift */ = {isa = PBXFileReference; lastKnownFileType = sourcecode.swift; path = SceneDelegate.swift; sourceTree = "<group>"; };
		52C695472AA91FE300638C13 /* ViewController.swift */ = {isa = PBXFileReference; lastKnownFileType = sourcecode.swift; path = ViewController.swift; sourceTree = "<group>"; };
		52C6954A2AA91FE300638C13 /* Base */ = {isa = PBXFileReference; lastKnownFileType = file.storyboard; name = Base; path = Base.lproj/Main.storyboard; sourceTree = "<group>"; };
		52C6954C2AA91FE500638C13 /* Assets.xcassets */ = {isa = PBXFileReference; lastKnownFileType = folder.assetcatalog; path = Assets.xcassets; sourceTree = "<group>"; };
		52C6954F2AA91FE500638C13 /* Base */ = {isa = PBXFileReference; lastKnownFileType = file.storyboard; name = Base; path = Base.lproj/LaunchScreen.storyboard; sourceTree = "<group>"; };
		52C695512AA91FE500638C13 /* Info.plist */ = {isa = PBXFileReference; lastKnownFileType = text.plist.xml; path = Info.plist; sourceTree = "<group>"; };
		52C695562AA91FE600638C13 /* QR ScannerTests.xctest */ = {isa = PBXFileReference; explicitFileType = wrapper.cfbundle; includeInIndex = 0; path = "QR ScannerTests.xctest"; sourceTree = BUILT_PRODUCTS_DIR; };
		52C6955A2AA91FE600638C13 /* QR_ScannerTests.swift */ = {isa = PBXFileReference; lastKnownFileType = sourcecode.swift; path = QR_ScannerTests.swift; sourceTree = "<group>"; };
		52C695602AA91FE600638C13 /* QR ScannerUITests.xctest */ = {isa = PBXFileReference; explicitFileType = wrapper.cfbundle; includeInIndex = 0; path = "QR ScannerUITests.xctest"; sourceTree = BUILT_PRODUCTS_DIR; };
		52C695642AA91FE600638C13 /* QR_ScannerUITests.swift */ = {isa = PBXFileReference; lastKnownFileType = sourcecode.swift; path = QR_ScannerUITests.swift; sourceTree = "<group>"; };
		52C695662AA91FE600638C13 /* QR_ScannerUITestsLaunchTests.swift */ = {isa = PBXFileReference; lastKnownFileType = sourcecode.swift; path = QR_ScannerUITestsLaunchTests.swift; sourceTree = "<group>"; };
/* End PBXFileReference section */

/* Begin PBXFrameworksBuildPhase section */
		52C6953D2AA91FE300638C13 /* Frameworks */ = {
			isa = PBXFrameworksBuildPhase;
			buildActionMask = 2147483647;
			files = (
			);
			runOnlyForDeploymentPostprocessing = 0;
		};
		52C695532AA91FE600638C13 /* Frameworks */ = {
			isa = PBXFrameworksBuildPhase;
			buildActionMask = 2147483647;
			files = (
			);
			runOnlyForDeploymentPostprocessing = 0;
		};
		52C6955D2AA91FE600638C13 /* Frameworks */ = {
			isa = PBXFrameworksBuildPhase;
			buildActionMask = 2147483647;
			files = (
			);
			runOnlyForDeploymentPostprocessing = 0;
		};
/* End PBXFrameworksBuildPhase section */

/* Begin PBXGroup section */
		52C695372AA91FE300638C13 = {
			isa = PBXGroup;
			children = (
				52C695422AA91FE300638C13 /* QR Scanner */,
				52C695592AA91FE600638C13 /* QR ScannerTests */,
				52C695632AA91FE600638C13 /* QR ScannerUITests */,
				52C695412AA91FE300638C13 /* Products */,
			);
			sourceTree = "<group>";
		};
		52C695412AA91FE300638C13 /* Products */ = {
			isa = PBXGroup;
			children = (
				52C695402AA91FE300638C13 /* QR Scanner.app */,
				52C695562AA91FE600638C13 /* QR ScannerTests.xctest */,
				52C695602AA91FE600638C13 /* QR ScannerUITests.xctest */,
			);
			name = Products;
			sourceTree = "<group>";
		};
		52C695422AA91FE300638C13 /* QR Scanner */ = {
			isa = PBXGroup;
			children = (
				52C695432AA91FE300638C13 /* AppDelegate.swift */,
				52C695452AA91FE300638C13 /* SceneDelegate.swift */,
				52C695472AA91FE300638C13 /* ViewController.swift */,
				52C695492AA91FE300638C13 /* Main.storyboard */,
				52C6954C2AA91FE500638C13 /* Assets.xcassets */,
				52C6954E2AA91FE500638C13 /* LaunchScreen.storyboard */,
				52C695512AA91FE500638C13 /* Info.plist */,
			);
			path = "QR Scanner";
			sourceTree = "<group>";
		};
		52C695592AA91FE600638C13 /* QR ScannerTests */ = {
			isa = PBXGroup;
			children = (
				52C6955A2AA91FE600638C13 /* QR_ScannerTests.swift */,
			);
			path = "QR ScannerTests";
			sourceTree = "<group>";
		};
		52C695632AA91FE600638C13 /* QR ScannerUITests */ = {
			isa = PBXGroup;
			children = (
				52C695642AA91FE600638C13 /* QR_ScannerUITests.swift */,
				52C695662AA91FE600638C13 /* QR_ScannerUITestsLaunchTests.swift */,
			);
			path = "QR ScannerUITests";
			sourceTree = "<group>";
		};
/* End PBXGroup section */

/* Begin PBXNativeTarget section */
		52C6953F2AA91FE300638C13 /* QR Scanner */ = {
			isa = PBXNativeTarget;
			buildConfigurationList = 52C6956A2AA91FE600638C13 /* Build configuration list for PBXNativeTarget "QR Scanner" */;
			buildPhases = (
				52C6953C2AA91FE300638C13 /* Sources */,
				52C6953D2AA91FE300638C13 /* Frameworks */,
				52C6953E2AA91FE300638C13 /* Resources */,
			);
			buildRules = (
			);
			dependencies = (
			);
			name = "QR Scanner";
			productName = "QR Scanner";
			productReference = 52C695402AA91FE300638C13 /* QR Scanner.app */;
			productType = "com.apple.product-type.application";
		};
		52C695552AA91FE600638C13 /* QR ScannerTests */ = {
			isa = PBXNativeTarget;
			buildConfigurationList = 52C6956D2AA91FE600638C13 /* Build configuration list for PBXNativeTarget "QR ScannerTests" */;
			buildPhases = (
				52C695522AA91FE600638C13 /* Sources */,
				52C695532AA91FE600638C13 /* Frameworks */,
				52C695542AA91FE600638C13 /* Resources */,
			);
			buildRules = (
			);
			dependencies = (
				52C695582AA91FE600638C13 /* PBXTargetDependency */,
			);
			name = "QR ScannerTests";
			productName = "QR ScannerTests";
			productReference = 52C695562AA91FE600638C13 /* QR ScannerTests.xctest */;
			productType = "com.apple.product-type.bundle.unit-test";
		};
		52C6955F2AA91FE600638C13 /* QR ScannerUITests */ = {
			isa = PBXNativeTarget;
			buildConfigurationList = 52C695702AA91FE600638C13 /* Build configuration list for PBXNativeTarget "QR ScannerUITests" */;
			buildPhases = (
				52C6955C2AA91FE600638C13 /* Sources */,
				52C6955D2AA91FE600638C13 /* Frameworks */,
				52C6955E2AA91FE600638C13 /* Resources */,
			);
			buildRules = (
			);
			dependencies = (
				52C695622AA91FE600638C13 /* PBXTargetDependency */,
			);
			name = "QR ScannerUITests";
			productName = "QR ScannerUITests";
			productReference = 52C695602AA91FE600638C13 /* QR ScannerUITests.xctest */;
			productType = "com.apple.product-type.bundle.ui-testing";
		};
/* End PBXNativeTarget section */

/* Begin PBXProject section */
		52C695382AA91FE300638C13 /* Project object */ = {
			isa = PBXProject;
			attributes = {
				BuildIndependentTargetsInParallel = 1;
				LastSwiftUpdateCheck = 1430;
				LastUpgradeCheck = 1430;
				TargetAttributes = {
					52C6953F2AA91FE300638C13 = {
						CreatedOnToolsVersion = 14.3.1;
					};
					52C695552AA91FE600638C13 = {
						CreatedOnToolsVersion = 14.3.1;
						TestTargetID = 52C6953F2AA91FE300638C13;
					};
					52C6955F2AA91FE600638C13 = {
						CreatedOnToolsVersion = 14.3.1;
						TestTargetID = 52C6953F2AA91FE300638C13;
					};
				};
			};
			buildConfigurationList = 52C6953B2AA91FE300638C13 /* Build configuration list for PBXProject "QR Scanner" */;
			compatibilityVersion = "Xcode 14.0";
			developmentRegion = en;
			hasScannedForEncodings = 0;
			knownRegions = (
				en,
				Base,
			);
			mainGroup = 52C695372AA91FE300638C13;
			productRefGroup = 52C695412AA91FE300638C13 /* Products */;
			projectDirPath = "";
			projectRoot = "";
			targets = (
				52C6953F2AA91FE300638C13 /* QR Scanner */,
				52C695552AA91FE600638C13 /* QR ScannerTests */,
				52C6955F2AA91FE600638C13 /* QR ScannerUITests */,
			);
		};
/* End PBXProject section */

/* Begin PBXResourcesBuildPhase section */
		52C6953E2AA91FE300638C13 /* Resources */ = {
			isa = PBXResourcesBuildPhase;
			buildActionMask = 2147483647;
			files = (
				52C695502AA91FE500638C13 /* LaunchScreen.storyboard in Resources */,
				52C6954D2AA91FE500638C13 /* Assets.xcassets in Resources */,
				52C6954B2AA91FE300638C13 /* Main.storyboard in Resources */,
			);
			runOnlyForDeploymentPostprocessing = 0;
		};
		52C695542AA91FE600638C13 /* Resources */ = {
			isa = PBXResourcesBuildPhase;
			buildActionMask = 2147483647;
			files = (
			);
			runOnlyForDeploymentPostprocessing = 0;
		};
		52C6955E2AA91FE600638C13 /* Resources */ = {
			isa = PBXResourcesBuildPhase;
			buildActionMask = 2147483647;
			files = (
			);
			runOnlyForDeploymentPostprocessing = 0;
		};
/* End PBXResourcesBuildPhase section */

/* Begin PBXSourcesBuildPhase section */
		52C6953C2AA91FE300638C13 /* Sources */ = {
			isa = PBXSourcesBuildPhase;
			buildActionMask = 2147483647;
			files = (
				52C695482AA91FE300638C13 /* ViewController.swift in Sources */,
				52C695442AA91FE300638C13 /* AppDelegate.swift in Sources */,
				52C695462AA91FE300638C13 /* SceneDelegate.swift in Sources */,
			);
			runOnlyForDeploymentPostprocessing = 0;
		};
		52C695522AA91FE600638C13 /* Sources */ = {
			isa = PBXSourcesBuildPhase;
			buildActionMask = 2147483647;
			files = (
				52C6955B2AA91FE600638C13 /* QR_ScannerTests.swift in Sources */,
			);
			runOnlyForDeploymentPostprocessing = 0;
		};
		52C6955C2AA91FE600638C13 /* Sources */ = {
			isa = PBXSourcesBuildPhase;
			buildActionMask = 2147483647;
			files = (
				52C695672AA91FE600638C13 /* QR_ScannerUITestsLaunchTests.swift in Sources */,
				52C695652AA91FE600638C13 /* QR_ScannerUITests.swift in Sources */,
			);
			runOnlyForDeploymentPostprocessing = 0;
		};
/* End PBXSourcesBuildPhase section */

/* Begin PBXTargetDependency section */
		52C695582AA91FE600638C13 /* PBXTargetDependency */ = {
			isa = PBXTargetDependency;
			target = 52C6953F2AA91FE300638C13 /* QR Scanner */;
			targetProxy = 52C695572AA91FE600638C13 /* PBXContainerItemProxy */;
		};
		52C695622AA91FE600638C13 /* PBXTargetDependency */ = {
			isa = PBXTargetDependency;
			target = 52C6953F2AA91FE300638C13 /* QR Scanner */;
			targetProxy = 52C695612AA91FE600638C13 /* PBXContainerItemProxy */;
		};
/* End PBXTargetDependency section */

/* Begin PBXVariantGroup section */
		52C695492AA91FE300638C13 /* Main.storyboard */ = {
			isa = PBXVariantGroup;
			children = (
				52C6954A2AA91FE300638C13 /* Base */,
			);
			name = Main.storyboard;
			sourceTree = "<group>";
		};
		52C6954E2AA91FE500638C13 /* LaunchScreen.storyboard */ = {
			isa = PBXVariantGroup;
			children = (
				52C6954F2AA91FE500638C13 /* Base */,
			);
			name = LaunchScreen.storyboard;
			sourceTree = "<group>";
		};
/* End PBXVariantGroup section */

/* Begin XCBuildConfiguration section */
		52C695682AA91FE600638C13 /* Debug */ = {
			isa = XCBuildConfiguration;
			buildSettings = {
				ALWAYS_SEARCH_USER_PATHS = NO;
				CLANG_ANALYZER_NONNULL = YES;
				CLANG_ANALYZER_NUMBER_OBJECT_CONVERSION = YES_AGGRESSIVE;
				CLANG_CXX_LANGUAGE_STANDARD = "gnu++20";
				CLANG_ENABLE_MODULES = YES;
				CLANG_ENABLE_OBJC_ARC = YES;
				CLANG_ENABLE_OBJC_WEAK = YES;
				CLANG_WARN_BLOCK_CAPTURE_AUTORELEASING = YES;
				CLANG_WARN_BOOL_CONVERSION = YES;
				CLANG_WARN_COMMA = YES;
				CLANG_WARN_CONSTANT_CONVERSION = YES;
				CLANG_WARN_DEPRECATED_OBJC_IMPLEMENTATIONS = YES;
				CLANG_WARN_DIRECT_OBJC_ISA_USAGE = YES_ERROR;
				CLANG_WARN_DOCUMENTATION_COMMENTS = YES;
				CLANG_WARN_EMPTY_BODY = YES;
				CLANG_WARN_ENUM_CONVERSION = YES;
				CLANG_WARN_INFINITE_RECURSION = YES;
				CLANG_WARN_INT_CONVERSION = YES;
				CLANG_WARN_NON_LITERAL_NULL_CONVERSION = YES;
				CLANG_WARN_OBJC_IMPLICIT_RETAIN_SELF = YES;
				CLANG_WARN_OBJC_LITERAL_CONVERSION = YES;
				CLANG_WARN_OBJC_ROOT_CLASS = YES_ERROR;
				CLANG_WARN_QUOTED_INCLUDE_IN_FRAMEWORK_HEADER = YES;
				CLANG_WARN_RANGE_LOOP_ANALYSIS = YES;
				CLANG_WARN_STRICT_PROTOTYPES = YES;
				CLANG_WARN_SUSPICIOUS_MOVE = YES;
				CLANG_WARN_UNGUARDED_AVAILABILITY = YES_AGGRESSIVE;
				CLANG_WARN_UNREACHABLE_CODE = YES;
				CLANG_WARN__DUPLICATE_METHOD_MATCH = YES;
				COPY_PHASE_STRIP = NO;
				DEBUG_INFORMATION_FORMAT = dwarf;
				ENABLE_STRICT_OBJC_MSGSEND = YES;
				ENABLE_TESTABILITY = YES;
				GCC_C_LANGUAGE_STANDARD = gnu11;
				GCC_DYNAMIC_NO_PIC = NO;
				GCC_NO_COMMON_BLOCKS = YES;
				GCC_OPTIMIZATION_LEVEL = 0;
				GCC_PREPROCESSOR_DEFINITIONS = (
					"DEBUG=1",
					"$(inherited)",
				);
				GCC_WARN_64_TO_32_BIT_CONVERSION = YES;
				GCC_WARN_ABOUT_RETURN_TYPE = YES_ERROR;
				GCC_WARN_UNDECLARED_SELECTOR = YES;
				GCC_WARN_UNINITIALIZED_AUTOS = YES_AGGRESSIVE;
				GCC_WARN_UNUSED_FUNCTION = YES;
				GCC_WARN_UNUSED_VARIABLE = YES;
				IPHONEOS_DEPLOYMENT_TARGET = 16.4;
				MTL_ENABLE_DEBUG_INFO = INCLUDE_SOURCE;
				MTL_FAST_MATH = YES;
				ONLY_ACTIVE_ARCH = YES;
				SDKROOT = iphoneos;
				SWIFT_ACTIVE_COMPILATION_CONDITIONS = DEBUG;
				SWIFT_OPTIMIZATION_LEVEL = "-Onone";
			};
			name = Debug;
		};
		52C695692AA91FE600638C13 /* Release */ = {
			isa = XCBuildConfiguration;
			buildSettings = {
				ALWAYS_SEARCH_USER_PATHS = NO;
				CLANG_ANALYZER_NONNULL = YES;
				CLANG_ANALYZER_NUMBER_OBJECT_CONVERSION = YES_AGGRESSIVE;
				CLANG_CXX_LANGUAGE_STANDARD = "gnu++20";
				CLANG_ENABLE_MODULES = YES;
				CLANG_ENABLE_OBJC_ARC = YES;
				CLANG_ENABLE_OBJC_WEAK = YES;
				CLANG_WARN_BLOCK_CAPTURE_AUTORELEASING = YES;
				CLANG_WARN_BOOL_CONVERSION = YES;
				CLANG_WARN_COMMA = YES;
				CLANG_WARN_CONSTANT_CONVERSION = YES;
				CLANG_WARN_DEPRECATED_OBJC_IMPLEMENTATIONS = YES;
				CLANG_WARN_DIRECT_OBJC_ISA_USAGE = YES_ERROR;
				CLANG_WARN_DOCUMENTATION_COMMENTS = YES;
				CLANG_WARN_EMPTY_BODY = YES;
				CLANG_WARN_ENUM_CONVERSION = YES;
				CLANG_WARN_INFINITE_RECURSION = YES;
				CLANG_WARN_INT_CONVERSION = YES;
				CLANG_WARN_NON_LITERAL_NULL_CONVERSION = YES;
				CLANG_WARN_OBJC_IMPLICIT_RETAIN_SELF = YES;
				CLANG_WARN_OBJC_LITERAL_CONVERSION = YES;
				CLANG_WARN_OBJC_ROOT_CLASS = YES_ERROR;
				CLANG_WARN_QUOTED_INCLUDE_IN_FRAMEWORK_HEADER = YES;
				CLANG_WARN_RANGE_LOOP_ANALYSIS = YES;
				CLANG_WARN_STRICT_PROTOTYPES = YES;
				CLANG_WARN_SUSPICIOUS_MOVE = YES;
				CLANG_WARN_UNGUARDED_AVAILABILITY = YES_AGGRESSIVE;
				CLANG_WARN_UNREACHABLE_CODE = YES;
				CLANG_WARN__DUPLICATE_METHOD_MATCH = YES;
				COPY_PHASE_STRIP = NO;
				DEBUG_INFORMATION_FORMAT = "dwarf-with-dsym";
				ENABLE_NS_ASSERTIONS = NO;
				ENABLE_STRICT_OBJC_MSGSEND = YES;
				GCC_C_LANGUAGE_STANDARD = gnu11;
				GCC_NO_COMMON_BLOCKS = YES;
				GCC_WARN_64_TO_32_BIT_CONVERSION = YES;
				GCC_WARN_ABOUT_RETURN_TYPE = YES_ERROR;
				GCC_WARN_UNDECLARED_SELECTOR = YES;
				GCC_WARN_UNINITIALIZED_AUTOS = YES_AGGRESSIVE;
				GCC_WARN_UNUSED_FUNCTION = YES;
				GCC_WARN_UNUSED_VARIABLE = YES;
				IPHONEOS_DEPLOYMENT_TARGET = 16.4;
				MTL_ENABLE_DEBUG_INFO = NO;
				MTL_FAST_MATH = YES;
				SDKROOT = iphoneos;
				SWIFT_COMPILATION_MODE = wholemodule;
				SWIFT_OPTIMIZATION_LEVEL = "-O";
				VALIDATE_PRODUCT = YES;
			};
			name = Release;
		};
		52C6956B2AA91FE600638C13 /* Debug */ = {
			isa = XCBuildConfiguration;
			buildSettings = {
				ASSETCATALOG_COMPILER_APPICON_NAME = AppIcon;
				ASSETCATALOG_COMPILER_GLOBAL_ACCENT_COLOR_NAME = AccentColor;
				CODE_SIGN_STYLE = Automatic;
				CURRENT_PROJECT_VERSION = 1;
				DEVELOPMENT_TEAM = LDB72Y22F6;
				GENERATE_INFOPLIST_FILE = YES;
				INFOPLIST_FILE = "QR Scanner/Info.plist";
				INFOPLIST_KEY_UIApplicationSupportsIndirectInputEvents = YES;
				INFOPLIST_KEY_UILaunchStoryboardName = LaunchScreen;
				INFOPLIST_KEY_UIMainStoryboardFile = Main;
				INFOPLIST_KEY_UISupportedInterfaceOrientations_iPad = "UIInterfaceOrientationPortrait UIInterfaceOrientationPortraitUpsideDown UIInterfaceOrientationLandscapeLeft UIInterfaceOrientationLandscapeRight";
				INFOPLIST_KEY_UISupportedInterfaceOrientations_iPhone = "UIInterfaceOrientationPortrait UIInterfaceOrientationLandscapeLeft UIInterfaceOrientationLandscapeRight";
				IPHONEOS_DEPLOYMENT_TARGET = 13.0;
				LD_RUNPATH_SEARCH_PATHS = (
					"$(inherited)",
					"@executable_path/Frameworks",
				);
				MARKETING_VERSION = 1.0;
				PRODUCT_BUNDLE_IDENTIFIER = "com.Test.QR-Scanner";
				PRODUCT_NAME = "$(TARGET_NAME)";
				SWIFT_EMIT_LOC_STRINGS = YES;
				SWIFT_VERSION = 5.0;
				TARGETED_DEVICE_FAMILY = "1,2";
			};
			name = Debug;
		};
		52C6956C2AA91FE600638C13 /* Release */ = {
			isa = XCBuildConfiguration;
			buildSettings = {
				ASSETCATALOG_COMPILER_APPICON_NAME = AppIcon;
				ASSETCATALOG_COMPILER_GLOBAL_ACCENT_COLOR_NAME = AccentColor;
				CODE_SIGN_STYLE = Automatic;
				CURRENT_PROJECT_VERSION = 1;
				DEVELOPMENT_TEAM = LDB72Y22F6;
				GENERATE_INFOPLIST_FILE = YES;
				INFOPLIST_FILE = "QR Scanner/Info.plist";
				INFOPLIST_KEY_UIApplicationSupportsIndirectInputEvents = YES;
				INFOPLIST_KEY_UILaunchStoryboardName = LaunchScreen;
				INFOPLIST_KEY_UIMainStoryboardFile = Main;
				INFOPLIST_KEY_UISupportedInterfaceOrientations_iPad = "UIInterfaceOrientationPortrait UIInterfaceOrientationPortraitUpsideDown UIInterfaceOrientationLandscapeLeft UIInterfaceOrientationLandscapeRight";
				INFOPLIST_KEY_UISupportedInterfaceOrientations_iPhone = "UIInterfaceOrientationPortrait UIInterfaceOrientationLandscapeLeft UIInterfaceOrientationLandscapeRight";
				IPHONEOS_DEPLOYMENT_TARGET = 13.0;
				LD_RUNPATH_SEARCH_PATHS = (
					"$(inherited)",
					"@executable_path/Frameworks",
				);
				MARKETING_VERSION = 1.0;
				PRODUCT_BUNDLE_IDENTIFIER = "com.Test.QR-Scanner";
				PRODUCT_NAME = "$(TARGET_NAME)";
				SWIFT_EMIT_LOC_STRINGS = YES;
				SWIFT_VERSION = 5.0;
				TARGETED_DEVICE_FAMILY = "1,2";
			};
			name = Release;
		};
		52C6956E2AA91FE600638C13 /* Debug */ = {
			isa = XCBuildConfiguration;
			buildSettings = {
				ALWAYS_EMBED_SWIFT_STANDARD_LIBRARIES = YES;
				BUNDLE_LOADER = "$(TEST_HOST)";
				CODE_SIGN_STYLE = Automatic;
				CURRENT_PROJECT_VERSION = 1;
				DEVELOPMENT_TEAM = 7D5YS337KZ;
				GENERATE_INFOPLIST_FILE = YES;
				IPHONEOS_DEPLOYMENT_TARGET = 16.4;
				MARKETING_VERSION = 1.0;
				PRODUCT_BUNDLE_IDENTIFIER = "com.Test.QR-ScannerTests";
				PRODUCT_NAME = "$(TARGET_NAME)";
				SWIFT_EMIT_LOC_STRINGS = NO;
				SWIFT_VERSION = 5.0;
				TARGETED_DEVICE_FAMILY = "1,2";
				TEST_HOST = "$(BUILT_PRODUCTS_DIR)/QR Scanner.app/$(BUNDLE_EXECUTABLE_FOLDER_PATH)/QR Scanner";
			};
			name = Debug;
		};
		52C6956F2AA91FE600638C13 /* Release */ = {
			isa = XCBuildConfiguration;
			buildSettings = {
				ALWAYS_EMBED_SWIFT_STANDARD_LIBRARIES = YES;
				BUNDLE_LOADER = "$(TEST_HOST)";
				CODE_SIGN_STYLE = Automatic;
				CURRENT_PROJECT_VERSION = 1;
				DEVELOPMENT_TEAM = 7D5YS337KZ;
				GENERATE_INFOPLIST_FILE = YES;
				IPHONEOS_DEPLOYMENT_TARGET = 16.4;
				MARKETING_VERSION = 1.0;
				PRODUCT_BUNDLE_IDENTIFIER = "com.Test.QR-ScannerTests";
				PRODUCT_NAME = "$(TARGET_NAME)";
				SWIFT_EMIT_LOC_STRINGS = NO;
				SWIFT_VERSION = 5.0;
				TARGETED_DEVICE_FAMILY = "1,2";
				TEST_HOST = "$(BUILT_PRODUCTS_DIR)/QR Scanner.app/$(BUNDLE_EXECUTABLE_FOLDER_PATH)/QR Scanner";
			};
			name = Release;
		};
		52C695712AA91FE600638C13 /* Debug */ = {
			isa = XCBuildConfiguration;
			buildSettings = {
				ALWAYS_EMBED_SWIFT_STANDARD_LIBRARIES = YES;
				CODE_SIGN_STYLE = Automatic;
				CURRENT_PROJECT_VERSION = 1;
				DEVELOPMENT_TEAM = 7D5YS337KZ;
				GENERATE_INFOPLIST_FILE = YES;
				MARKETING_VERSION = 1.0;
				PRODUCT_BUNDLE_IDENTIFIER = "com.Test.QR-ScannerUITests";
				PRODUCT_NAME = "$(TARGET_NAME)";
				SWIFT_EMIT_LOC_STRINGS = NO;
				SWIFT_VERSION = 5.0;
				TARGETED_DEVICE_FAMILY = "1,2";
				TEST_TARGET_NAME = "QR Scanner";
			};
			name = Debug;
		};
		52C695722AA91FE600638C13 /* Release */ = {
			isa = XCBuildConfiguration;
			buildSettings = {
				ALWAYS_EMBED_SWIFT_STANDARD_LIBRARIES = YES;
				CODE_SIGN_STYLE = Automatic;
				CURRENT_PROJECT_VERSION = 1;
				DEVELOPMENT_TEAM = 7D5YS337KZ;
				GENERATE_INFOPLIST_FILE = YES;
				MARKETING_VERSION = 1.0;
				PRODUCT_BUNDLE_IDENTIFIER = "com.Test.QR-ScannerUITests";
				PRODUCT_NAME = "$(TARGET_NAME)";
				SWIFT_EMIT_LOC_STRINGS = NO;
				SWIFT_VERSION = 5.0;
				TARGETED_DEVICE_FAMILY = "1,2";
				TEST_TARGET_NAME = "QR Scanner";
			};
			name = Release;
		};
/* End XCBuildConfiguration section */

/* Begin XCConfigurationList section */
		52C6953B2AA91FE300638C13 /* Build configuration list for PBXProject "QR Scanner" */ = {
			isa = XCConfigurationList;
			buildConfigurations = (
				52C695682AA91FE600638C13 /* Debug */,
				52C695692AA91FE600638C13 /* Release */,
			);
			defaultConfigurationIsVisible = 0;
			defaultConfigurationName = Release;
		};
		52C6956A2AA91FE600638C13 /* Build configuration list for PBXNativeTarget "QR Scanner" */ = {
			isa = XCConfigurationList;
			buildConfigurations = (
				52C6956B2AA91FE600638C13 /* Debug */,
				52C6956C2AA91FE600638C13 /* Release */,
			);
			defaultConfigurationIsVisible = 0;
			defaultConfigurationName = Release;
		};
		52C6956D2AA91FE600638C13 /* Build configuration list for PBXNativeTarget "QR ScannerTests" */ = {
			isa = XCConfigurationList;
			buildConfigurations = (
				52C6956E2AA91FE600638C13 /* Debug */,
				52C6956F2AA91FE600638C13 /* Release */,
			);
			defaultConfigurationIsVisible = 0;
			defaultConfigurationName = Release;
		};
		52C695702AA91FE600638C13 /* Build configuration list for PBXNativeTarget "QR ScannerUITests" */ = {
			isa = XCConfigurationList;
			buildConfigurations = (
				52C695712AA91FE600638C13 /* Debug */,
				52C695722AA91FE600638C13 /* Release */,
			);
			defaultConfigurationIsVisible = 0;
			defaultConfigurationName = Release;
		};
/* End XCConfigurationList section */
	};
	rootObject = 52C695382AA91FE300638C13 /* Project object */;
}
